
Microsoft Visual Studio Solution File, Format Version 12.00
# Visual Studio Version 17
VisualStudioVersion = 17.12.35527.113
MinimumVisualStudioVersion = 10.0.40219.1
Project("{2150E333-8FDC-42A3-9474-1A3956D46DE8}") = "src", "src", "{68E9A8DA-D159-4BC8-B638-7C389F512BD2}"
EndProject
Project("{2150E333-8FDC-42A3-9474-1A3956D46DE8}") = "01-Domain", "01-Domain", "{CAF60AC5-1EAF-486B-986A-AFB329456580}"
EndProject
Project("{2150E333-8FDC-42A3-9474-1A3956D46DE8}") = "02-Infrastructures", "02-Infrastructures", "{2BE372FB-FCD1-4EFF-B8AC-69403CA8EE08}"
EndProject
Project("{2150E333-8FDC-42A3-9474-1A3956D46DE8}") = "03-EndPoints", "03-EndPoints", "{3CC67031-6F32-4520-8339-220DC5BDDBED}"
EndProject
Project("{2150E333-8FDC-42A3-9474-1A3956D46DE8}") = "Core", "Core", "{C1E34126-2D05-4C01-8E81-FB291CA57736}"
EndProject
Project("{2150E333-8FDC-42A3-9474-1A3956D46DE8}") = "Service", "Service", "{AC4B3860-B0D4-4A1C-BC1C-1C138C9888AD}"
EndProject
Project("{2150E333-8FDC-42A3-9474-1A3956D46DE8}") = "DataAccess", "DataAccess", "{A1CD3CF5-00D3-4FCE-9760-AC533B28C79E}"
EndProject
Project("{2150E333-8FDC-42A3-9474-1A3956D46DE8}") = "DataBase", "DataBase", "{F594DEB1-946E-4879-B984-5837AE5161C9}"
EndProject
Project("{FAE04EC0-301F-11D3-BF4B-00C04F79EFBC}") = "App.Domain.Core", "App.Domain.Core\App.Domain.Core.csproj", "{76FD1EA0-34E6-4E7E-BE30-0E523698EBFB}"
EndProject
Project("{FAE04EC0-301F-11D3-BF4B-00C04F79EFBC}") = "App.Infra.Data.Repos.Ef", "App.Infra.Data.Repos.Ef\App.Infra.Data.Repos.Ef.csproj", "{419FAF3D-4776-4AC0-AABD-333816B08B2F}"
EndProject
Project("{FAE04EC0-301F-11D3-BF4B-00C04F79EFBC}") = "Connection", "Connection\Connection.csproj", "{A1E0D426-0EFC-4AE5-9856-B20871769FC8}"
EndProject
Project("{FAE04EC0-301F-11D3-BF4B-00C04F79EFBC}") = "MyTaskManagerService", "MyTaskManagerService\MyTaskManagerService.csproj", "{ECDBE9D5-D6C7-4256-BED8-E4C0A83D986A}"
EndProject
Project("{FAE04EC0-301F-11D3-BF4B-00C04F79EFBC}") = "MyTaskManagerAppService", "MyTaskManagerAppService\MyTaskManagerAppService.csproj", "{BFCCB1A5-C86E-47F9-9711-16F23CF9631E}"
EndProject
Project("{FAE04EC0-301F-11D3-BF4B-00C04F79EFBC}") = "MyTaskManagerEndPoint", "MyTaskManagerEndPoint\MyTaskManagerEndPoint.csproj", "{41C4BB4C-C7BD-43BB-B810-535EBD516A63}"
EndProject
Project("{FAE04EC0-301F-11D3-BF4B-00C04F79EFBC}") = "AppEndPoint", "AppEndPoint\AppEndPoint.csproj", "{0FF67AF1-89B3-461F-8F0E-493B4602C8CD}"
EndProject
Global
	GlobalSection(SolutionConfigurationPlatforms) = preSolution
		Debug|Any CPU = Debug|Any CPU
		Release|Any CPU = Release|Any CPU
	EndGlobalSection
	GlobalSection(ProjectConfigurationPlatforms) = postSolution
		{76FD1EA0-34E6-4E7E-BE30-0E523698EBFB}.Debug|Any CPU.ActiveCfg = Debug|Any CPU
		{76FD1EA0-34E6-4E7E-BE30-0E523698EBFB}.Debug|Any CPU.Build.0 = Debug|Any CPU
		{76FD1EA0-34E6-4E7E-BE30-0E523698EBFB}.Release|Any CPU.ActiveCfg = Release|Any CPU
		{76FD1EA0-34E6-4E7E-BE30-0E523698EBFB}.Release|Any CPU.Build.0 = Release|Any CPU
		{419FAF3D-4776-4AC0-AABD-333816B08B2F}.Debug|Any CPU.ActiveCfg = Debug|Any CPU
		{419FAF3D-4776-4AC0-AABD-333816B08B2F}.Debug|Any CPU.Build.0 = Debug|Any CPU
		{419FAF3D-4776-4AC0-AABD-333816B08B2F}.Release|Any CPU.ActiveCfg = Release|Any CPU
		{419FAF3D-4776-4AC0-AABD-333816B08B2F}.Release|Any CPU.Build.0 = Release|Any CPU
		{A1E0D426-0EFC-4AE5-9856-B20871769FC8}.Debug|Any CPU.ActiveCfg = Debug|Any CPU
		{A1E0D426-0EFC-4AE5-9856-B20871769FC8}.Debug|Any CPU.Build.0 = Debug|Any CPU
		{A1E0D426-0EFC-4AE5-9856-B20871769FC8}.Release|Any CPU.ActiveCfg = Release|Any CPU
		{A1E0D426-0EFC-4AE5-9856-B20871769FC8}.Release|Any CPU.Build.0 = Release|Any CPU
		{ECDBE9D5-D6C7-4256-BED8-E4C0A83D986A}.Debug|Any CPU.ActiveCfg = Debug|Any CPU
		{ECDBE9D5-D6C7-4256-BED8-E4C0A83D986A}.Debug|Any CPU.Build.0 = Debug|Any CPU
		{ECDBE9D5-D6C7-4256-BED8-E4C0A83D986A}.Release|Any CPU.ActiveCfg = Release|Any CPU
		{ECDBE9D5-D6C7-4256-BED8-E4C0A83D986A}.Release|Any CPU.Build.0 = Release|Any CPU
		{BFCCB1A5-C86E-47F9-9711-16F23CF9631E}.Debug|Any CPU.ActiveCfg = Debug|Any CPU
		{BFCCB1A5-C86E-47F9-9711-16F23CF9631E}.Debug|Any CPU.Build.0 = Debug|Any CPU
		{BFCCB1A5-C86E-47F9-9711-16F23CF9631E}.Release|Any CPU.ActiveCfg = Release|Any CPU
		{BFCCB1A5-C86E-47F9-9711-16F23CF9631E}.Release|Any CPU.Build.0 = Release|Any CPU
		{41C4BB4C-C7BD-43BB-B810-535EBD516A63}.Debug|Any CPU.ActiveCfg = Debug|Any CPU
		{41C4BB4C-C7BD-43BB-B810-535EBD516A63}.Debug|Any CPU.Build.0 = Debug|Any CPU
		{41C4BB4C-C7BD-43BB-B810-535EBD516A63}.Release|Any CPU.ActiveCfg = Release|Any CPU
		{41C4BB4C-C7BD-43BB-B810-535EBD516A63}.Release|Any CPU.Build.0 = Release|Any CPU
		{0FF67AF1-89B3-461F-8F0E-493B4602C8CD}.Debug|Any CPU.ActiveCfg = Debug|Any CPU
		{0FF67AF1-89B3-461F-8F0E-493B4602C8CD}.Debug|Any CPU.Build.0 = Debug|Any CPU
		{0FF67AF1-89B3-461F-8F0E-493B4602C8CD}.Release|Any CPU.ActiveCfg = Release|Any CPU
		{0FF67AF1-89B3-461F-8F0E-493B4602C8CD}.Release|Any CPU.Build.0 = Release|Any CPU
	EndGlobalSection
	GlobalSection(SolutionProperties) = preSolution
		HideSolutionNode = FALSE
	EndGlobalSection
	GlobalSection(NestedProjects) = preSolution
		{CAF60AC5-1EAF-486B-986A-AFB329456580} = {68E9A8DA-D159-4BC8-B638-7C389F512BD2}
		{2BE372FB-FCD1-4EFF-B8AC-69403CA8EE08} = {68E9A8DA-D159-4BC8-B638-7C389F512BD2}
		{3CC67031-6F32-4520-8339-220DC5BDDBED} = {68E9A8DA-D159-4BC8-B638-7C389F512BD2}
		{C1E34126-2D05-4C01-8E81-FB291CA57736} = {CAF60AC5-1EAF-486B-986A-AFB329456580}
		{AC4B3860-B0D4-4A1C-BC1C-1C138C9888AD} = {CAF60AC5-1EAF-486B-986A-AFB329456580}
		{A1CD3CF5-00D3-4FCE-9760-AC533B28C79E} = {2BE372FB-FCD1-4EFF-B8AC-69403CA8EE08}
		{F594DEB1-946E-4879-B984-5837AE5161C9} = {2BE372FB-FCD1-4EFF-B8AC-69403CA8EE08}
		{76FD1EA0-34E6-4E7E-BE30-0E523698EBFB} = {C1E34126-2D05-4C01-8E81-FB291CA57736}
		{419FAF3D-4776-4AC0-AABD-333816B08B2F} = {A1CD3CF5-00D3-4FCE-9760-AC533B28C79E}
		{A1E0D426-0EFC-4AE5-9856-B20871769FC8} = {F594DEB1-946E-4879-B984-5837AE5161C9}
		{ECDBE9D5-D6C7-4256-BED8-E4C0A83D986A} = {AC4B3860-B0D4-4A1C-BC1C-1C138C9888AD}
		{BFCCB1A5-C86E-47F9-9711-16F23CF9631E} = {AC4B3860-B0D4-4A1C-BC1C-1C138C9888AD}
		{41C4BB4C-C7BD-43BB-B810-535EBD516A63} = {3CC67031-6F32-4520-8339-220DC5BDDBED}
		{0FF67AF1-89B3-461F-8F0E-493B4602C8CD} = {3CC67031-6F32-4520-8339-220DC5BDDBED}
	EndGlobalSection
EndGlobal
